// !$*UTF8*$!
{
	archiveVersion = 1;
	classes = {
	};
	objectVersion = 77;
	objects = {

/* Begin PBXContainerItemProxy section */
		CB89DE092DDF974C006399AE /* PBXContainerItemProxy */ = {
			isa = PBXContainerItemProxy;
			containerPortal = CB89DDF02DDF974C006399AE /* Project object */;
			proxyType = 1;
			remoteGlobalIDString = CB89DDF72DDF974C006399AE;
			remoteInfo = Tesselations;
		};
		CB89DE132DDF974C006399AE /* PBXContainerItemProxy */ = {
			isa = PBXContainerItemProxy;
			containerPortal = CB89DDF02DDF974C006399AE /* Project object */;
			proxyType = 1;
			remoteGlobalIDString = CB89DDF72DDF974C006399AE;
			remoteInfo = Tesselations;
		};
/* End PBXContainerItemProxy section */

/* Begin PBXFileReference section */
		CB89DDF82DDF974C006399AE /* Tesselations.app */ = {isa = PBXFileReference; explicitFileType = wrapper.application; includeInIndex = 0; path = Tesselations.app; sourceTree = BUILT_PRODUCTS_DIR; };
		CB89DE082DDF974C006399AE /* TesselationsTests.xctest */ = {isa = PBXFileReference; explicitFileType = wrapper.cfbundle; includeInIndex = 0; path = TesselationsTests.xctest; sourceTree = BUILT_PRODUCTS_DIR; };
		CB89DE122DDF974C006399AE /* TesselationsUITests.xctest */ = {isa = PBXFileReference; explicitFileType = wrapper.cfbundle; includeInIndex = 0; path = TesselationsUITests.xctest; sourceTree = BUILT_PRODUCTS_DIR; };
/* End PBXFileReference section */

/* Begin PBXFileSystemSynchronizedRootGroup section */
		CB89DDFA2DDF974C006399AE /* Tesselations */ = {
			isa = PBXFileSystemSynchronizedRootGroup;
			path = Tesselations;
			sourceTree = "<group>";
		};
		CB89DE0B2DDF974C006399AE /* TesselationsTests */ = {
			isa = PBXFileSystemSynchronizedRootGroup;
			path = TesselationsTests;
			sourceTree = "<group>";
		};
		CB89DE152DDF974C006399AE /* TesselationsUITests */ = {
			isa = PBXFileSystemSynchronizedRootGroup;
			path = TesselationsUITests;
			sourceTree = "<group>";
		};
/* End PBXFileSystemSynchronizedRootGroup section */

/* Begin PBXFrameworksBuildPhase section */
		CB89DDF52DDF974C006399AE /* Frameworks */ = {
			isa = PBXFrameworksBuildPhase;
			buildActionMask = 2147483647;
			files = (
			);
			runOnlyForDeploymentPostprocessing = 0;
		};
		CB89DE052DDF974C006399AE /* Frameworks */ = {
			isa = PBXFrameworksBuildPhase;
			buildActionMask = 2147483647;
			files = (
			);
			runOnlyForDeploymentPostprocessing = 0;
		};
		CB89DE0F2DDF974C006399AE /* Frameworks */ = {
			isa = PBXFrameworksBuildPhase;
			buildActionMask = 2147483647;
			files = (
			);
			runOnlyForDeploymentPostprocessing = 0;
		};
/* End PBXFrameworksBuildPhase section */

/* Begin PBXGroup section */
		CB89DDEF2DDF974C006399AE = {
			isa = PBXGroup;
			children = (
				CB89DDFA2DDF974C006399AE /* Tesselations */,
				CB89DE0B2DDF974C006399AE /* TesselationsTests */,
				CB89DE152DDF974C006399AE /* TesselationsUITests */,
				CB89DDF92DDF974C006399AE /* Products */,
			);
			sourceTree = "<group>";
		};
		CB89DDF92DDF974C006399AE /* Products */ = {
			isa = PBXGroup;
			children = (
				CB89DDF82DDF974C006399AE /* Tesselations.app */,
				CB89DE082DDF974C006399AE /* TesselationsTests.xctest */,
				CB89DE122DDF974C006399AE /* TesselationsUITests.xctest */,
			);
			name = Products;
			sourceTree = "<group>";
		};
/* End PBXGroup section */

/* Begin PBXNativeTarget section */
		CB89DDF72DDF974C006399AE /* Tesselations */ = {
			isa = PBXNativeTarget;
			buildConfigurationList = CB89DE1C2DDF974C006399AE /* Build configuration list for PBXNativeTarget "Tesselations" */;
			buildPhases = (
				CB89DDF42DDF974C006399AE /* Sources */,
				CB89DDF52DDF974C006399AE /* Frameworks */,
				CB89DDF62DDF974C006399AE /* Resources */,
			);
			buildRules = (
			);
			dependencies = (
			);
			fileSystemSynchronizedGroups = (
				CB89DDFA2DDF974C006399AE /* Tesselations */,
			);
			name = Tesselations;
			packageProductDependencies = (
			);
			productName = Tesselations;
			productReference = CB89DDF82DDF974C006399AE /* Tesselations.app */;
			productType = "com.apple.product-type.application";
		};
		CB89DE072DDF974C006399AE /* TesselationsTests */ = {
			isa = PBXNativeTarget;
			buildConfigurationList = CB89DE1F2DDF974C006399AE /* Build configuration list for PBXNativeTarget "TesselationsTests" */;
			buildPhases = (
				CB89DE042DDF974C006399AE /* Sources */,
				CB89DE052DDF974C006399AE /* Frameworks */,
				CB89DE062DDF974C006399AE /* Resources */,
			);
			buildRules = (
			);
			dependencies = (
				CB89DE0A2DDF974C006399AE /* PBXTargetDependency */,
			);
			fileSystemSynchronizedGroups = (
				CB89DE0B2DDF974C006399AE /* TesselationsTests */,
			);
			name = TesselationsTests;
			packageProductDependencies = (
			);
			productName = TesselationsTests;
			productReference = CB89DE082DDF974C006399AE /* TesselationsTests.xctest */;
			productType = "com.apple.product-type.bundle.unit-test";
		};
		CB89DE112DDF974C006399AE /* TesselationsUITests */ = {
			isa = PBXNativeTarget;
			buildConfigurationList = CB89DE222DDF974C006399AE /* Build configuration list for PBXNativeTarget "TesselationsUITests" */;
			buildPhases = (
				CB89DE0E2DDF974C006399AE /* Sources */,
				CB89DE0F2DDF974C006399AE /* Frameworks */,
				CB89DE102DDF974C006399AE /* Resources */,
			);
			buildRules = (
			);
			dependencies = (
				CB89DE142DDF974C006399AE /* PBXTargetDependency */,
			);
			fileSystemSynchronizedGroups = (
				CB89DE152DDF974C006399AE /* TesselationsUITests */,
			);
			name = TesselationsUITests;
			packageProductDependencies = (
			);
			productName = TesselationsUITests;
			productReference = CB89DE122DDF974C006399AE /* TesselationsUITests.xctest */;
			productType = "com.apple.product-type.bundle.ui-testing";
		};
/* End PBXNativeTarget section */

/* Begin PBXProject section */
		CB89DDF02DDF974C006399AE /* Project object */ = {
			isa = PBXProject;
			attributes = {
				BuildIndependentTargetsInParallel = 1;
				LastSwiftUpdateCheck = 1620;
				LastUpgradeCheck = 1620;
				TargetAttributes = {
					CB89DDF72DDF974C006399AE = {
						CreatedOnToolsVersion = 16.2;
					};
					CB89DE072DDF974C006399AE = {
						CreatedOnToolsVersion = 16.2;
						TestTargetID = CB89DDF72DDF974C006399AE;
					};
					CB89DE112DDF974C006399AE = {
						CreatedOnToolsVersion = 16.2;
						TestTargetID = CB89DDF72DDF974C006399AE;
					};
				};
			};
			buildConfigurationList = CB89DDF32DDF974C006399AE /* Build configuration list for PBXProject "Tesselations" */;
			developmentRegion = en;
			hasScannedForEncodings = 0;
			knownRegions = (
				en,
				Base,
			);
			mainGroup = CB89DDEF2DDF974C006399AE;
			minimizedProjectReferenceProxies = 1;
			preferredProjectObjectVersion = 77;
			productRefGroup = CB89DDF92DDF974C006399AE /* Products */;
			projectDirPath = "";
			projectRoot = "";
			targets = (
				CB89DDF72DDF974C006399AE /* Tesselations */,
				CB89DE072DDF974C006399AE /* TesselationsTests */,
				CB89DE112DDF974C006399AE /* TesselationsUITests */,
			);
		};
/* End PBXProject section */

/* Begin PBXResourcesBuildPhase section */
		CB89DDF62DDF974C006399AE /* Resources */ = {
			isa = PBXResourcesBuildPhase;
			buildActionMask = 2147483647;
			files = (
			);
			runOnlyForDeploymentPostprocessing = 0;
		};
		CB89DE062DDF974C006399AE /* Resources */ = {
			isa = PBXResourcesBuildPhase;
			buildActionMask = 2147483647;
			files = (
			);
			runOnlyForDeploymentPostprocessing = 0;
		};
		CB89DE102DDF974C006399AE /* Resources */ = {
			isa = PBXResourcesBuildPhase;
			buildActionMask = 2147483647;
			files = (
			);
			runOnlyForDeploymentPostprocessing = 0;
		};
/* End PBXResourcesBuildPhase section */

/* Begin PBXSourcesBuildPhase section */
		CB89DDF42DDF974C006399AE /* Sources */ = {
			isa = PBXSourcesBuildPhase;
			buildActionMask = 2147483647;
			files = (
			);
			runOnlyForDeploymentPostprocessing = 0;
		};
		CB89DE042DDF974C006399AE /* Sources */ = {
			isa = PBXSourcesBuildPhase;
			buildActionMask = 2147483647;
			files = (
			);
			runOnlyForDeploymentPostprocessing = 0;
		};
		CB89DE0E2DDF974C006399AE /* Sources */ = {
			isa = PBXSourcesBuildPhase;
			buildActionMask = 2147483647;
			files = (
			);
			runOnlyForDeploymentPostprocessing = 0;
		};
/* End PBXSourcesBuildPhase section */

/* Begin PBXTargetDependency section */
		CB89DE0A2DDF974C006399AE /* PBXTargetDependency */ = {
			isa = PBXTargetDependency;
			target = CB89DDF72DDF974C006399AE /* Tesselations */;
			targetProxy = CB89DE092DDF974C006399AE /* PBXContainerItemProxy */;
		};
		CB89DE142DDF974C006399AE /* PBXTargetDependency */ = {
			isa = PBXTargetDependency;
			target = CB89DDF72DDF974C006399AE /* Tesselations */;
			targetProxy = CB89DE132DDF974C006399AE /* PBXContainerItemProxy */;
		};
/* End PBXTargetDependency section */

/* Begin XCBuildConfiguration section */
		CB89DE1A2DDF974C006399AE /* Debug */ = {
			isa = XCBuildConfiguration;
			buildSettings = {
				ALWAYS_SEARCH_USER_PATHS = NO;
				ASSETCATALOG_COMPILER_GENERATE_SWIFT_ASSET_SYMBOL_EXTENSIONS = YES;
				CLANG_ANALYZER_NONNULL = YES;
				CLANG_ANALYZER_NUMBER_OBJECT_CONVERSION = YES_AGGRESSIVE;
				CLANG_CXX_LANGUAGE_STANDARD = "gnu++20";
				CLANG_ENABLE_MODULES = YES;
				CLANG_ENABLE_OBJC_ARC = YES;
				CLANG_ENABLE_OBJC_WEAK = YES;
				CLANG_WARN_BLOCK_CAPTURE_AUTORELEASING = YES;
				CLANG_WARN_BOOL_CONVERSION = YES;
				CLANG_WARN_COMMA = YES;
				CLANG_WARN_CONSTANT_CONVERSION = YES;
				CLANG_WARN_DEPRECATED_OBJC_IMPLEMENTATIONS = YES;
				CLANG_WARN_DIRECT_OBJC_ISA_USAGE = YES_ERROR;
				CLANG_WARN_DOCUMENTATION_COMMENTS = YES;
				CLANG_WARN_EMPTY_BODY = YES;
				CLANG_WARN_ENUM_CONVERSION = YES;
				CLANG_WARN_INFINITE_RECURSION = YES;
				CLANG_WARN_INT_CONVERSION = YES;
				CLANG_WARN_NON_LITERAL_NULL_CONVERSION = YES;
				CLANG_WARN_OBJC_IMPLICIT_RETAIN_SELF = YES;
				CLANG_WARN_OBJC_LITERAL_CONVERSION = YES;
				CLANG_WARN_OBJC_ROOT_CLASS = YES_ERROR;
				CLANG_WARN_QUOTED_INCLUDE_IN_FRAMEWORK_HEADER = YES;
				CLANG_WARN_RANGE_LOOP_ANALYSIS = YES;
				CLANG_WARN_STRICT_PROTOTYPES = YES;
				CLANG_WARN_SUSPICIOUS_MOVE = YES;
				CLANG_WARN_UNGUARDED_AVAILABILITY = YES_AGGRESSIVE;
				CLANG_WARN_UNREACHABLE_CODE = YES;
				CLANG_WARN__DUPLICATE_METHOD_MATCH = YES;
				COPY_PHASE_STRIP = NO;
				DEBUG_INFORMATION_FORMAT = dwarf;
				ENABLE_STRICT_OBJC_MSGSEND = YES;
				ENABLE_TESTABILITY = YES;
				ENABLE_USER_SCRIPT_SANDBOXING = YES;
				GCC_C_LANGUAGE_STANDARD = gnu17;
				GCC_DYNAMIC_NO_PIC = NO;
				GCC_NO_COMMON_BLOCKS = YES;
				GCC_OPTIMIZATION_LEVEL = 0;
				GCC_PREPROCESSOR_DEFINITIONS = (
					"DEBUG=1",
					"$(inherited)",
				);
				GCC_WARN_64_TO_32_BIT_CONVERSION = YES;
				GCC_WARN_ABOUT_RETURN_TYPE = YES_ERROR;
				GCC_WARN_UNDECLARED_SELECTOR = YES;
				GCC_WARN_UNINITIALIZED_AUTOS = YES_AGGRESSIVE;
				GCC_WARN_UNUSED_FUNCTION = YES;
				GCC_WARN_UNUSED_VARIABLE = YES;
				IPHONEOS_DEPLOYMENT_TARGET = 18.2;
				LOCALIZATION_PREFERS_STRING_CATALOGS = YES;
				MTL_ENABLE_DEBUG_INFO = INCLUDE_SOURCE;
				MTL_FAST_MATH = YES;
				ONLY_ACTIVE_ARCH = YES;
				SDKROOT = iphoneos;
				SWIFT_ACTIVE_COMPILATION_CONDITIONS = "DEBUG $(inherited)";
				SWIFT_OPTIMIZATION_LEVEL = "-Onone";
			};
			name = Debug;
		};
		CB89DE1B2DDF974C006399AE /* Release */ = {
			isa = XCBuildConfiguration;
			buildSettings = {
				ALWAYS_SEARCH_USER_PATHS = NO;
				ASSETCATALOG_COMPILER_GENERATE_SWIFT_ASSET_SYMBOL_EXTENSIONS = YES;
				CLANG_ANALYZER_NONNULL = YES;
				CLANG_ANALYZER_NUMBER_OBJECT_CONVERSION = YES_AGGRESSIVE;
				CLANG_CXX_LANGUAGE_STANDARD = "gnu++20";
				CLANG_ENABLE_MODULES = YES;
				CLANG_ENABLE_OBJC_ARC = YES;
				CLANG_ENABLE_OBJC_WEAK = YES;
				CLANG_WARN_BLOCK_CAPTURE_AUTORELEASING = YES;
				CLANG_WARN_BOOL_CONVERSION = YES;
				CLANG_WARN_COMMA = YES;
				CLANG_WARN_CONSTANT_CONVERSION = YES;
				CLANG_WARN_DEPRECATED_OBJC_IMPLEMENTATIONS = YES;
				CLANG_WARN_DIRECT_OBJC_ISA_USAGE = YES_ERROR;
				CLANG_WARN_DOCUMENTATION_COMMENTS = YES;
				CLANG_WARN_EMPTY_BODY = YES;
				CLANG_WARN_ENUM_CONVERSION = YES;
				CLANG_WARN_INFINITE_RECURSION = YES;
				CLANG_WARN_INT_CONVERSION = YES;
				CLANG_WARN_NON_LITERAL_NULL_CONVERSION = YES;
				CLANG_WARN_OBJC_IMPLICIT_RETAIN_SELF = YES;
				CLANG_WARN_OBJC_LITERAL_CONVERSION = YES;
				CLANG_WARN_OBJC_ROOT_CLASS = YES_ERROR;
				CLANG_WARN_QUOTED_INCLUDE_IN_FRAMEWORK_HEADER = YES;
				CLANG_WARN_RANGE_LOOP_ANALYSIS = YES;
				CLANG_WARN_STRICT_PROTOTYPES = YES;
				CLANG_WARN_SUSPICIOUS_MOVE = YES;
				CLANG_WARN_UNGUARDED_AVAILABILITY = YES_AGGRESSIVE;
				CLANG_WARN_UNREACHABLE_CODE = YES;
				CLANG_WARN__DUPLICATE_METHOD_MATCH = YES;
				COPY_PHASE_STRIP = NO;
				DEBUG_INFORMATION_FORMAT = "dwarf-with-dsym";
				ENABLE_NS_ASSERTIONS = NO;
				ENABLE_STRICT_OBJC_MSGSEND = YES;
				ENABLE_USER_SCRIPT_SANDBOXING = YES;
				GCC_C_LANGUAGE_STANDARD = gnu17;
				GCC_NO_COMMON_BLOCKS = YES;
				GCC_WARN_64_TO_32_BIT_CONVERSION = YES;
				GCC_WARN_ABOUT_RETURN_TYPE = YES_ERROR;
				GCC_WARN_UNDECLARED_SELECTOR = YES;
				GCC_WARN_UNINITIALIZED_AUTOS = YES_AGGRESSIVE;
				GCC_WARN_UNUSED_FUNCTION = YES;
				GCC_WARN_UNUSED_VARIABLE = YES;
				IPHONEOS_DEPLOYMENT_TARGET = 18.2;
				LOCALIZATION_PREFERS_STRING_CATALOGS = YES;
				MTL_ENABLE_DEBUG_INFO = NO;
				MTL_FAST_MATH = YES;
				SDKROOT = iphoneos;
				SWIFT_COMPILATION_MODE = wholemodule;
				VALIDATE_PRODUCT = YES;
			};
			name = Release;
		};
		CB89DE1D2DDF974C006399AE /* Debug */ = {
			isa = XCBuildConfiguration;
			buildSettings = {
				ASSETCATALOG_COMPILER_APPICON_NAME = AppIcon;
				ASSETCATALOG_COMPILER_GLOBAL_ACCENT_COLOR_NAME = AccentColor;
				CODE_SIGN_STYLE = Automatic;
				CURRENT_PROJECT_VERSION = 1;
				DEVELOPMENT_ASSET_PATHS = "\"Tesselations/Preview Content\"";
				DEVELOPMENT_TEAM = 52LS6H35Y9;
				ENABLE_PREVIEWS = YES;
				GENERATE_INFOPLIST_FILE = YES;
				INFOPLIST_KEY_UIApplicationSceneManifest_Generation = YES;
				INFOPLIST_KEY_UIApplicationSupportsIndirectInputEvents = YES;
				INFOPLIST_KEY_UILaunchScreen_Generation = YES;
				INFOPLIST_KEY_UISupportedInterfaceOrientations_iPad = "UIInterfaceOrientationPortrait UIInterfaceOrientationPortraitUpsideDown UIInterfaceOrientationLandscapeLeft UIInterfaceOrientationLandscapeRight";
				INFOPLIST_KEY_UISupportedInterfaceOrientations_iPhone = "UIInterfaceOrientationPortrait UIInterfaceOrientationLandscapeLeft UIInterfaceOrientationLandscapeRight";
				LD_RUNPATH_SEARCH_PATHS = (
					"$(inherited)",
					"@executable_path/Frameworks",
				);
				MARKETING_VERSION = 1.0;
				PRODUCT_BUNDLE_IDENTIFIER = org.cminow.Tesselations;
				PRODUCT_NAME = "$(TARGET_NAME)";
				SWIFT_EMIT_LOC_STRINGS = YES;
				SWIFT_VERSION = 5.0;
				TARGETED_DEVICE_FAMILY = "1,2";
			};
			name = Debug;
		};
		CB89DE1E2DDF974C006399AE /* Release */ = {
			isa = XCBuildConfiguration;
			buildSettings = {
				ASSETCATALOG_COMPILER_APPICON_NAME = AppIcon;
				ASSETCATALOG_COMPILER_GLOBAL_ACCENT_COLOR_NAME = AccentColor;
				CODE_SIGN_STYLE = Automatic;
				CURRENT_PROJECT_VERSION = 1;
				DEVELOPMENT_ASSET_PATHS = "\"Tesselations/Preview Content\"";
				DEVELOPMENT_TEAM = 52LS6H35Y9;
				ENABLE_PREVIEWS = YES;
				GENERATE_INFOPLIST_FILE = YES;
				INFOPLIST_KEY_UIApplicationSceneManifest_Generation = YES;
				INFOPLIST_KEY_UIApplicationSupportsIndirectInputEvents = YES;
				INFOPLIST_KEY_UILaunchScreen_Generation = YES;
				INFOPLIST_KEY_UISupportedInterfaceOrientations_iPad = "UIInterfaceOrientationPortrait UIInterfaceOrientationPortraitUpsideDown UIInterfaceOrientationLandscapeLeft UIInterfaceOrientationLandscapeRight";
				INFOPLIST_KEY_UISupportedInterfaceOrientations_iPhone = "UIInterfaceOrientationPortrait UIInterfaceOrientationLandscapeLeft UIInterfaceOrientationLandscapeRight";
				LD_RUNPATH_SEARCH_PATHS = (
					"$(inherited)",
					"@executable_path/Frameworks",
				);
				MARKETING_VERSION = 1.0;
				PRODUCT_BUNDLE_IDENTIFIER = org.cminow.Tesselations;
				PRODUCT_NAME = "$(TARGET_NAME)";
				SWIFT_EMIT_LOC_STRINGS = YES;
				SWIFT_VERSION = 5.0;
				TARGETED_DEVICE_FAMILY = "1,2";
			};
			name = Release;
		};
		CB89DE202DDF974C006399AE /* Debug */ = {
			isa = XCBuildConfiguration;
			buildSettings = {
				BUNDLE_LOADER = "$(TEST_HOST)";
				CODE_SIGN_STYLE = Automatic;
				CURRENT_PROJECT_VERSION = 1;
				DEVELOPMENT_TEAM = 52LS6H35Y9;
				GENERATE_INFOPLIST_FILE = YES;
				IPHONEOS_DEPLOYMENT_TARGET = 18.2;
				MARKETING_VERSION = 1.0;
				PRODUCT_BUNDLE_IDENTIFIER = org.cminow.TesselationsTests;
				PRODUCT_NAME = "$(TARGET_NAME)";
				SWIFT_EMIT_LOC_STRINGS = NO;
				SWIFT_VERSION = 5.0;
				TARGETED_DEVICE_FAMILY = "1,2";
				TEST_HOST = "$(BUILT_PRODUCTS_DIR)/Tesselations.app/$(BUNDLE_EXECUTABLE_FOLDER_PATH)/Tesselations";
			};
			name = Debug;
		};
		CB89DE212DDF974C006399AE /* Release */ = {
			isa = XCBuildConfiguration;
			buildSettings = {
				BUNDLE_LOADER = "$(TEST_HOST)";
				CODE_SIGN_STYLE = Automatic;
				CURRENT_PROJECT_VERSION = 1;
				DEVELOPMENT_TEAM = 52LS6H35Y9;
				GENERATE_INFOPLIST_FILE = YES;
				IPHONEOS_DEPLOYMENT_TARGET = 18.2;
				MARKETING_VERSION = 1.0;
				PRODUCT_BUNDLE_IDENTIFIER = org.cminow.TesselationsTests;
				PRODUCT_NAME = "$(TARGET_NAME)";
				SWIFT_EMIT_LOC_STRINGS = NO;
				SWIFT_VERSION = 5.0;
				TARGETED_DEVICE_FAMILY = "1,2";
				TEST_HOST = "$(BUILT_PRODUCTS_DIR)/Tesselations.app/$(BUNDLE_EXECUTABLE_FOLDER_PATH)/Tesselations";
			};
			name = Release;
		};
		CB89DE232DDF974C006399AE /* Debug */ = {
			isa = XCBuildConfiguration;
			buildSettings = {
				CODE_SIGN_STYLE = Automatic;
				CURRENT_PROJECT_VERSION = 1;
				DEVELOPMENT_TEAM = 52LS6H35Y9;
				GENERATE_INFOPLIST_FILE = YES;
				MARKETING_VERSION = 1.0;
				PRODUCT_BUNDLE_IDENTIFIER = org.cminow.TesselationsUITests;
				PRODUCT_NAME = "$(TARGET_NAME)";
				SWIFT_EMIT_LOC_STRINGS = NO;
				SWIFT_VERSION = 5.0;
				TARGETED_DEVICE_FAMILY = "1,2";
				TEST_TARGET_NAME = Tesselations;
			};
			name = Debug;
		};
		CB89DE242DDF974C006399AE /* Release */ = {
			isa = XCBuildConfiguration;
			buildSettings = {
				CODE_SIGN_STYLE = Automatic;
				CURRENT_PROJECT_VERSION = 1;
				DEVELOPMENT_TEAM = 52LS6H35Y9;
				GENERATE_INFOPLIST_FILE = YES;
				MARKETING_VERSION = 1.0;
				PRODUCT_BUNDLE_IDENTIFIER = org.cminow.TesselationsUITests;
				PRODUCT_NAME = "$(TARGET_NAME)";
				SWIFT_EMIT_LOC_STRINGS = NO;
				SWIFT_VERSION = 5.0;
				TARGETED_DEVICE_FAMILY = "1,2";
				TEST_TARGET_NAME = Tesselations;
			};
			name = Release;
		};
/* End XCBuildConfiguration section */

/* Begin XCConfigurationList section */
		CB89DDF32DDF974C006399AE /* Build configuration list for PBXProject "Tesselations" */ = {
			isa = XCConfigurationList;
			buildConfigurations = (
				CB89DE1A2DDF974C006399AE /* Debug */,
				CB89DE1B2DDF974C006399AE /* Release */,
			);
			defaultConfigurationIsVisible = 0;
			defaultConfigurationName = Release;
		};
		CB89DE1C2DDF974C006399AE /* Build configuration list for PBXNativeTarget "Tesselations" */ = {
			isa = XCConfigurationList;
			buildConfigurations = (
				CB89DE1D2DDF974C006399AE /* Debug */,
				CB89DE1E2DDF974C006399AE /* Release */,
			);
			defaultConfigurationIsVisible = 0;
			defaultConfigurationName = Release;
		};
		CB89DE1F2DDF974C006399AE /* Build configuration list for PBXNativeTarget "TesselationsTests" */ = {
			isa = XCConfigurationList;
			buildConfigurations = (
				CB89DE202DDF974C006399AE /* Debug */,
				CB89DE212DDF974C006399AE /* Release */,
			);
			defaultConfigurationIsVisible = 0;
			defaultConfigurationName = Release;
		};
		CB89DE222DDF974C006399AE /* Build configuration list for PBXNativeTarget "TesselationsUITests" */ = {
			isa = XCConfigurationList;
			buildConfigurations = (
				CB89DE232DDF974C006399AE /* Debug */,
				CB89DE242DDF974C006399AE /* Release */,
			);
			defaultConfigurationIsVisible = 0;
			defaultConfigurationName = Release;
		};
/* End XCConfigurationList section */
	};
	rootObject = CB89DDF02DDF974C006399AE /* Project object */;
}
