// !$*UTF8*$!
{
	archiveVersion = 1;
	classes = {
	};
	objectVersion = 77;
	objects = {

/* Begin PBXContainerItemProxy section */
		CB1B761A2DEC99420058D08E /* PBXContainerItemProxy */ = {
			isa = PBXContainerItemProxy;
			containerPortal = CB89DDF02DDF974C006399AE /* Project object */;
			proxyType = 1;
			remoteGlobalIDString = CB1B76082DEC99410058D08E;
			remoteInfo = "Tessellations macOS";
		};
		CB1B76242DEC99420058D08E /* PBXContainerItemProxy */ = {
			isa = PBXContainerItemProxy;
			containerPortal = CB89DDF02DDF974C006399AE /* Project object */;
			proxyType = 1;
			remoteGlobalIDString = CB1B76082DEC99410058D08E;
			remoteInfo = "Tessellations macOS";
		};
		CB89DE092DDF974C006399AE /* PBXContainerItemProxy */ = {
			isa = PBXContainerItemProxy;
			containerPortal = CB89DDF02DDF974C006399AE /* Project object */;
			proxyType = 1;
			remoteGlobalIDString = CB89DDF72DDF974C006399AE;
			remoteInfo = Tesselations;
		};
		CB89DE132DDF974C006399AE /* PBXContainerItemProxy */ = {
			isa = PBXContainerItemProxy;
			containerPortal = CB89DDF02DDF974C006399AE /* Project object */;
			proxyType = 1;
			remoteGlobalIDString = CB89DDF72DDF974C006399AE;
			remoteInfo = Tesselations;
		};
/* End PBXContainerItemProxy section */

/* Begin PBXFileReference section */
		CB1B76092DEC99410058D08E /* Tessellations.app */ = {isa = PBXFileReference; explicitFileType = wrapper.application; includeInIndex = 0; path = Tessellations.app; sourceTree = BUILT_PRODUCTS_DIR; };
		CB1B76192DEC99420058D08E /* Tessellations macOSTests.xctest */ = {isa = PBXFileReference; explicitFileType = wrapper.cfbundle; includeInIndex = 0; path = "Tessellations macOSTests.xctest"; sourceTree = BUILT_PRODUCTS_DIR; };
		CB1B76232DEC99420058D08E /* Tessellations macOSUITests.xctest */ = {isa = PBXFileReference; explicitFileType = wrapper.cfbundle; includeInIndex = 0; path = "Tessellations macOSUITests.xctest"; sourceTree = BUILT_PRODUCTS_DIR; };
		CB89DDF82DDF974C006399AE /* Tessellations.app */ = {isa = PBXFileReference; explicitFileType = wrapper.application; includeInIndex = 0; path = Tessellations.app; sourceTree = BUILT_PRODUCTS_DIR; };
		CB89DE082DDF974C006399AE /* TessellationsTests.xctest */ = {isa = PBXFileReference; explicitFileType = wrapper.cfbundle; includeInIndex = 0; path = TessellationsTests.xctest; sourceTree = BUILT_PRODUCTS_DIR; };
		CB89DE122DDF974C006399AE /* TessellationsUITests.xctest */ = {isa = PBXFileReference; explicitFileType = wrapper.cfbundle; includeInIndex = 0; path = TessellationsUITests.xctest; sourceTree = BUILT_PRODUCTS_DIR; };
		CB89DE542DDFA244006399AE /* README.md */ = {isa = PBXFileReference; lastKnownFileType = net.daringfireball.markdown; path = README.md; sourceTree = "<group>"; };
/* End PBXFileReference section */

/* Begin PBXFileSystemSynchronizedBuildFileExceptionSet section */
		CB1B76352DEC9A3E0058D08E /* Exceptions for "Tesselations" folder in "Tessellations macOS" target */ = {
			isa = PBXFileSystemSynchronizedBuildFileExceptionSet;
			membershipExceptions = (
				"Destination Views/AlternatingOctagonalStarsView.swift",
				"Destination Views/ArcsView.swift",
				"Destination Views/BlackAndWhiteBlocksView.swift",
				"Destination Views/EastWestHexagonsView.swift",
				"Destination Views/EightPointStarView.swift",
				"Destination Views/HexagonalLatticeView.swift",
				"Destination Views/InterlockingYsView.swift",
				"Destination Views/Mondrian.swift",
				"Destination Views/MoreHexagons.swift",
				"Destination Views/NorthSouthHexagonsView.swift",
				"Destination Views/OctagonsAndDiamondsView.swift",
				"Destination Views/OctagonsAndStarsView.swift",
				"Destination Views/RectanglesAndFourPointStarsView.swift",
				"Destination Views/RegularPolygonsView.swift",
				"Destination Views/RoundInterlockedHexView.swift",
				"Destination Views/SixPointedStarView.swift",
				"Destination Views/SixSidedRosetteView.swift",
				"Destination Views/SpikeyBlocksView.swift",
				"Destination Views/SquaresAndStars.swift",
				"Destination Views/TrianglesView.swift",
				"Destination Views/TwelvePointStarView.swift",
				"Destination Views/WavyTrianglesView.swift",
				Extensions/CGFloat.swift,
				Extensions/CGRect.swift,
				Extensions/Shape.swift,
				Geometry/Hexagon.swift,
				Geometry/LayoutCircle.swift,
				Geometry/Octagon.swift,
				Geometry/Square.swift,
				Geometry/Triangle.swift,
			);
			target = CB1B76082DEC99410058D08E /* Tessellations macOS */;
		};
/* End PBXFileSystemSynchronizedBuildFileExceptionSet section */

/* Begin PBXFileSystemSynchronizedRootGroup section */
		CB1B760A2DEC99410058D08E /* Tessellations macOS */ = {
			isa = PBXFileSystemSynchronizedRootGroup;
			path = "Tessellations macOS";
			sourceTree = "<group>";
		};
		CB1B761C2DEC99420058D08E /* Tessellations macOSTests */ = {
			isa = PBXFileSystemSynchronizedRootGroup;
			path = "Tessellations macOSTests";
			sourceTree = "<group>";
		};
		CB1B76262DEC99420058D08E /* Tessellations macOSUITests */ = {
			isa = PBXFileSystemSynchronizedRootGroup;
			path = "Tessellations macOSUITests";
			sourceTree = "<group>";
		};
		CB89DDFA2DDF974C006399AE /* Tesselations */ = {
			isa = PBXFileSystemSynchronizedRootGroup;
			exceptions = (
				CB1B76352DEC9A3E0058D08E /* Exceptions for "Tesselations" folder in "Tessellations macOS" target */,
			);
			path = Tesselations;
			sourceTree = "<group>";
		};
		CB89DE0B2DDF974C006399AE /* TesselationsTests */ = {
			isa = PBXFileSystemSynchronizedRootGroup;
			path = TesselationsTests;
			sourceTree = "<group>";
		};
		CB89DE152DDF974C006399AE /* TesselationsUITests */ = {
			isa = PBXFileSystemSynchronizedRootGroup;
			path = TesselationsUITests;
			sourceTree = "<group>";
		};
/* End PBXFileSystemSynchronizedRootGroup section */

/* Begin PBXFrameworksBuildPhase section */
		CB1B76062DEC99410058D08E /* Frameworks */ = {
			isa = PBXFrameworksBuildPhase;
			buildActionMask = 2147483647;
			files = (
			);
			runOnlyForDeploymentPostprocessing = 0;
		};
		CB1B76162DEC99420058D08E /* Frameworks */ = {
			isa = PBXFrameworksBuildPhase;
			buildActionMask = 2147483647;
			files = (
			);
			runOnlyForDeploymentPostprocessing = 0;
		};
		CB1B76202DEC99420058D08E /* Frameworks */ = {
			isa = PBXFrameworksBuildPhase;
			buildActionMask = 2147483647;
			files = (
			);
			runOnlyForDeploymentPostprocessing = 0;
		};
		CB89DDF52DDF974C006399AE /* Frameworks */ = {
			isa = PBXFrameworksBuildPhase;
			buildActionMask = 2147483647;
			files = (
			);
			runOnlyForDeploymentPostprocessing = 0;
		};
		CB89DE052DDF974C006399AE /* Frameworks */ = {
			isa = PBXFrameworksBuildPhase;
			buildActionMask = 2147483647;
			files = (
			);
			runOnlyForDeploymentPostprocessing = 0;
		};
		CB89DE0F2DDF974C006399AE /* Frameworks */ = {
			isa = PBXFrameworksBuildPhase;
			buildActionMask = 2147483647;
			files = (
			);
			runOnlyForDeploymentPostprocessing = 0;
		};
/* End PBXFrameworksBuildPhase section */

/* Begin PBXGroup section */
		CB89DDEF2DDF974C006399AE = {
			isa = PBXGroup;
			children = (
				CB89DE542DDFA244006399AE /* README.md */,
				CB89DDFA2DDF974C006399AE /* Tesselations */,
				CB89DE0B2DDF974C006399AE /* TesselationsTests */,
				CB89DE152DDF974C006399AE /* TesselationsUITests */,
				CB1B760A2DEC99410058D08E /* Tessellations macOS */,
				CB1B761C2DEC99420058D08E /* Tessellations macOSTests */,
				CB1B76262DEC99420058D08E /* Tessellations macOSUITests */,
				CB89DDF92DDF974C006399AE /* Products */,
			);
			sourceTree = "<group>";
		};
		CB89DDF92DDF974C006399AE /* Products */ = {
			isa = PBXGroup;
			children = (
				CB89DDF82DDF974C006399AE /* Tessellations.app */,
				CB89DE082DDF974C006399AE /* TessellationsTests.xctest */,
				CB89DE122DDF974C006399AE /* TessellationsUITests.xctest */,
				CB1B76092DEC99410058D08E /* Tessellations.app */,
				CB1B76192DEC99420058D08E /* Tessellations macOSTests.xctest */,
				CB1B76232DEC99420058D08E /* Tessellations macOSUITests.xctest */,
			);
			name = Products;
			sourceTree = "<group>";
		};
/* End PBXGroup section */

/* Begin PBXNativeTarget section */
		CB1B76082DEC99410058D08E /* Tessellations macOS */ = {
			isa = PBXNativeTarget;
			buildConfigurationList = CB1B76312DEC99420058D08E /* Build configuration list for PBXNativeTarget "Tessellations macOS" */;
			buildPhases = (
				CB1B76052DEC99410058D08E /* Sources */,
				CB1B76062DEC99410058D08E /* Frameworks */,
				CB1B76072DEC99410058D08E /* Resources */,
			);
			buildRules = (
			);
			dependencies = (
			);
			fileSystemSynchronizedGroups = (
				CB1B760A2DEC99410058D08E /* Tessellations macOS */,
			);
			name = "Tessellations macOS";
			packageProductDependencies = (
			);
			productName = "Tessellations macOS";
			productReference = CB1B76092DEC99410058D08E /* Tessellations.app */;
			productType = "com.apple.product-type.application";
		};
		CB1B76182DEC99420058D08E /* Tessellations macOSTests */ = {
			isa = PBXNativeTarget;
			buildConfigurationList = CB1B76322DEC99420058D08E /* Build configuration list for PBXNativeTarget "Tessellations macOSTests" */;
			buildPhases = (
				CB1B76152DEC99420058D08E /* Sources */,
				CB1B76162DEC99420058D08E /* Frameworks */,
				CB1B76172DEC99420058D08E /* Resources */,
			);
			buildRules = (
			);
			dependencies = (
				CB1B761B2DEC99420058D08E /* PBXTargetDependency */,
			);
			fileSystemSynchronizedGroups = (
				CB1B761C2DEC99420058D08E /* Tessellations macOSTests */,
			);
			name = "Tessellations macOSTests";
			packageProductDependencies = (
			);
			productName = "Tessellations macOSTests";
			productReference = CB1B76192DEC99420058D08E /* Tessellations macOSTests.xctest */;
			productType = "com.apple.product-type.bundle.unit-test";
		};
		CB1B76222DEC99420058D08E /* Tessellations macOSUITests */ = {
			isa = PBXNativeTarget;
			buildConfigurationList = CB1B76332DEC99420058D08E /* Build configuration list for PBXNativeTarget "Tessellations macOSUITests" */;
			buildPhases = (
				CB1B761F2DEC99420058D08E /* Sources */,
				CB1B76202DEC99420058D08E /* Frameworks */,
				CB1B76212DEC99420058D08E /* Resources */,
			);
			buildRules = (
			);
			dependencies = (
				CB1B76252DEC99420058D08E /* PBXTargetDependency */,
			);
			fileSystemSynchronizedGroups = (
				CB1B76262DEC99420058D08E /* Tessellations macOSUITests */,
			);
			name = "Tessellations macOSUITests";
			packageProductDependencies = (
			);
			productName = "Tessellations macOSUITests";
			productReference = CB1B76232DEC99420058D08E /* Tessellations macOSUITests.xctest */;
			productType = "com.apple.product-type.bundle.ui-testing";
		};
		CB89DDF72DDF974C006399AE /* Tessellations */ = {
			isa = PBXNativeTarget;
			buildConfigurationList = CB89DE1C2DDF974C006399AE /* Build configuration list for PBXNativeTarget "Tessellations" */;
			buildPhases = (
				CB89DDF42DDF974C006399AE /* Sources */,
				CB89DDF52DDF974C006399AE /* Frameworks */,
				CB89DDF62DDF974C006399AE /* Resources */,
			);
			buildRules = (
			);
			dependencies = (
			);
			fileSystemSynchronizedGroups = (
				CB89DDFA2DDF974C006399AE /* Tesselations */,
			);
			name = Tessellations;
			packageProductDependencies = (
			);
			productName = Tesselations;
			productReference = CB89DDF82DDF974C006399AE /* Tessellations.app */;
			productType = "com.apple.product-type.application";
		};
		CB89DE072DDF974C006399AE /* TessellationsTests */ = {
			isa = PBXNativeTarget;
			buildConfigurationList = CB89DE1F2DDF974C006399AE /* Build configuration list for PBXNativeTarget "TessellationsTests" */;
			buildPhases = (
				CB89DE042DDF974C006399AE /* Sources */,
				CB89DE052DDF974C006399AE /* Frameworks */,
				CB89DE062DDF974C006399AE /* Resources */,
			);
			buildRules = (
			);
			dependencies = (
				CB89DE0A2DDF974C006399AE /* PBXTargetDependency */,
			);
			fileSystemSynchronizedGroups = (
				CB89DE0B2DDF974C006399AE /* TesselationsTests */,
			);
			name = TessellationsTests;
			packageProductDependencies = (
			);
			productName = TesselationsTests;
			productReference = CB89DE082DDF974C006399AE /* TessellationsTests.xctest */;
			productType = "com.apple.product-type.bundle.unit-test";
		};
		CB89DE112DDF974C006399AE /* TessellationsUITests */ = {
			isa = PBXNativeTarget;
			buildConfigurationList = CB89DE222DDF974C006399AE /* Build configuration list for PBXNativeTarget "TessellationsUITests" */;
			buildPhases = (
				CB89DE0E2DDF974C006399AE /* Sources */,
				CB89DE0F2DDF974C006399AE /* Frameworks */,
				CB89DE102DDF974C006399AE /* Resources */,
			);
			buildRules = (
			);
			dependencies = (
				CB89DE142DDF974C006399AE /* PBXTargetDependency */,
			);
			fileSystemSynchronizedGroups = (
				CB89DE152DDF974C006399AE /* TesselationsUITests */,
			);
			name = TessellationsUITests;
			packageProductDependencies = (
			);
			productName = TesselationsUITests;
			productReference = CB89DE122DDF974C006399AE /* TessellationsUITests.xctest */;
			productType = "com.apple.product-type.bundle.ui-testing";
		};
/* End PBXNativeTarget section */

/* Begin PBXProject section */
		CB89DDF02DDF974C006399AE /* Project object */ = {
			isa = PBXProject;
			attributes = {
				BuildIndependentTargetsInParallel = 1;
				LastSwiftUpdateCheck = 1620;
				LastUpgradeCheck = 1640;
				TargetAttributes = {
					CB1B76082DEC99410058D08E = {
						CreatedOnToolsVersion = 16.2;
					};
					CB1B76182DEC99420058D08E = {
						CreatedOnToolsVersion = 16.2;
						TestTargetID = CB1B76082DEC99410058D08E;
					};
					CB1B76222DEC99420058D08E = {
						CreatedOnToolsVersion = 16.2;
						TestTargetID = CB1B76082DEC99410058D08E;
					};
					CB89DDF72DDF974C006399AE = {
						CreatedOnToolsVersion = 16.2;
					};
					CB89DE072DDF974C006399AE = {
						CreatedOnToolsVersion = 16.2;
						TestTargetID = CB89DDF72DDF974C006399AE;
					};
					CB89DE112DDF974C006399AE = {
						CreatedOnToolsVersion = 16.2;
						TestTargetID = CB89DDF72DDF974C006399AE;
					};
				};
			};
			buildConfigurationList = CB89DDF32DDF974C006399AE /* Build configuration list for PBXProject "Tesselations" */;
			developmentRegion = en;
			hasScannedForEncodings = 0;
			knownRegions = (
				en,
				Base,
			);
			mainGroup = CB89DDEF2DDF974C006399AE;
			minimizedProjectReferenceProxies = 1;
			preferredProjectObjectVersion = 77;
			productRefGroup = CB89DDF92DDF974C006399AE /* Products */;
			projectDirPath = "";
			projectRoot = "";
			targets = (
				CB89DDF72DDF974C006399AE /* Tessellations */,
				CB89DE072DDF974C006399AE /* TessellationsTests */,
				CB89DE112DDF974C006399AE /* TessellationsUITests */,
				CB1B76082DEC99410058D08E /* Tessellations macOS */,
				CB1B76182DEC99420058D08E /* Tessellations macOSTests */,
				CB1B76222DEC99420058D08E /* Tessellations macOSUITests */,
			);
		};
/* End PBXProject section */

/* Begin PBXResourcesBuildPhase section */
		CB1B76072DEC99410058D08E /* Resources */ = {
			isa = PBXResourcesBuildPhase;
			buildActionMask = 2147483647;
			files = (
			);
			runOnlyForDeploymentPostprocessing = 0;
		};
		CB1B76172DEC99420058D08E /* Resources */ = {
			isa = PBXResourcesBuildPhase;
			buildActionMask = 2147483647;
			files = (
			);
			runOnlyForDeploymentPostprocessing = 0;
		};
		CB1B76212DEC99420058D08E /* Resources */ = {
			isa = PBXResourcesBuildPhase;
			buildActionMask = 2147483647;
			files = (
			);
			runOnlyForDeploymentPostprocessing = 0;
		};
		CB89DDF62DDF974C006399AE /* Resources */ = {
			isa = PBXResourcesBuildPhase;
			buildActionMask = 2147483647;
			files = (
			);
			runOnlyForDeploymentPostprocessing = 0;
		};
		CB89DE062DDF974C006399AE /* Resources */ = {
			isa = PBXResourcesBuildPhase;
			buildActionMask = 2147483647;
			files = (
			);
			runOnlyForDeploymentPostprocessing = 0;
		};
		CB89DE102DDF974C006399AE /* Resources */ = {
			isa = PBXResourcesBuildPhase;
			buildActionMask = 2147483647;
			files = (
			);
			runOnlyForDeploymentPostprocessing = 0;
		};
/* End PBXResourcesBuildPhase section */

/* Begin PBXSourcesBuildPhase section */
		CB1B76052DEC99410058D08E /* Sources */ = {
			isa = PBXSourcesBuildPhase;
			buildActionMask = 2147483647;
			files = (
			);
			runOnlyForDeploymentPostprocessing = 0;
		};
		CB1B76152DEC99420058D08E /* Sources */ = {
			isa = PBXSourcesBuildPhase;
			buildActionMask = 2147483647;
			files = (
			);
			runOnlyForDeploymentPostprocessing = 0;
		};
		CB1B761F2DEC99420058D08E /* Sources */ = {
			isa = PBXSourcesBuildPhase;
			buildActionMask = 2147483647;
			files = (
			);
			runOnlyForDeploymentPostprocessing = 0;
		};
		CB89DDF42DDF974C006399AE /* Sources */ = {
			isa = PBXSourcesBuildPhase;
			buildActionMask = 2147483647;
			files = (
			);
			runOnlyForDeploymentPostprocessing = 0;
		};
		CB89DE042DDF974C006399AE /* Sources */ = {
			isa = PBXSourcesBuildPhase;
			buildActionMask = 2147483647;
			files = (
			);
			runOnlyForDeploymentPostprocessing = 0;
		};
		CB89DE0E2DDF974C006399AE /* Sources */ = {
			isa = PBXSourcesBuildPhase;
			buildActionMask = 2147483647;
			files = (
			);
			runOnlyForDeploymentPostprocessing = 0;
		};
/* End PBXSourcesBuildPhase section */

/* Begin PBXTargetDependency section */
		CB1B761B2DEC99420058D08E /* PBXTargetDependency */ = {
			isa = PBXTargetDependency;
			target = CB1B76082DEC99410058D08E /* Tessellations macOS */;
			targetProxy = CB1B761A2DEC99420058D08E /* PBXContainerItemProxy */;
		};
		CB1B76252DEC99420058D08E /* PBXTargetDependency */ = {
			isa = PBXTargetDependency;
			target = CB1B76082DEC99410058D08E /* Tessellations macOS */;
			targetProxy = CB1B76242DEC99420058D08E /* PBXContainerItemProxy */;
		};
		CB89DE0A2DDF974C006399AE /* PBXTargetDependency */ = {
			isa = PBXTargetDependency;
			target = CB89DDF72DDF974C006399AE /* Tessellations */;
			targetProxy = CB89DE092DDF974C006399AE /* PBXContainerItemProxy */;
		};
		CB89DE142DDF974C006399AE /* PBXTargetDependency */ = {
			isa = PBXTargetDependency;
			target = CB89DDF72DDF974C006399AE /* Tessellations */;
			targetProxy = CB89DE132DDF974C006399AE /* PBXContainerItemProxy */;
		};
/* End PBXTargetDependency section */

/* Begin XCBuildConfiguration section */
		CB1B762B2DEC99420058D08E /* Debug */ = {
			isa = XCBuildConfiguration;
			buildSettings = {
				ASSETCATALOG_COMPILER_APPICON_NAME = AppIcon;
				ASSETCATALOG_COMPILER_GLOBAL_ACCENT_COLOR_NAME = AccentColor;
				CODE_SIGN_ENTITLEMENTS = "Tessellations macOS/Tessellations_macOS.entitlements";
				CODE_SIGN_STYLE = Automatic;
				COMBINE_HIDPI_IMAGES = YES;
				CURRENT_PROJECT_VERSION = 1;
				DEAD_CODE_STRIPPING = YES;
				DEVELOPMENT_ASSET_PATHS = "\"Tessellations macOS/Preview Content\"";
				ENABLE_HARDENED_RUNTIME = YES;
				ENABLE_PREVIEWS = YES;
				GENERATE_INFOPLIST_FILE = YES;
				INFOPLIST_KEY_CFBundleDisplayName = Tessellations;
				INFOPLIST_KEY_NSHumanReadableCopyright = "";
				LD_RUNPATH_SEARCH_PATHS = (
					"$(inherited)",
					"@executable_path/../Frameworks",
				);
				MACOSX_DEPLOYMENT_TARGET = 15.2;
				MARKETING_VERSION = 1.0;
				PRODUCT_BUNDLE_IDENTIFIER = "org.cminow.Tessellations-macOS";
				PRODUCT_NAME = Tessellations;
				SDKROOT = macosx;
				SWIFT_EMIT_LOC_STRINGS = YES;
				SWIFT_VERSION = 5.0;
			};
			name = Debug;
		};
		CB1B762C2DEC99420058D08E /* Release */ = {
			isa = XCBuildConfiguration;
			buildSettings = {
				ASSETCATALOG_COMPILER_APPICON_NAME = AppIcon;
				ASSETCATALOG_COMPILER_GLOBAL_ACCENT_COLOR_NAME = AccentColor;
				CODE_SIGN_ENTITLEMENTS = "Tessellations macOS/Tessellations_macOS.entitlements";
				CODE_SIGN_STYLE = Automatic;
				COMBINE_HIDPI_IMAGES = YES;
				CURRENT_PROJECT_VERSION = 1;
				DEAD_CODE_STRIPPING = YES;
				DEVELOPMENT_ASSET_PATHS = "\"Tessellations macOS/Preview Content\"";
				ENABLE_HARDENED_RUNTIME = YES;
				ENABLE_PREVIEWS = YES;
				GENERATE_INFOPLIST_FILE = YES;
				INFOPLIST_KEY_CFBundleDisplayName = Tessellations;
				INFOPLIST_KEY_NSHumanReadableCopyright = "";
				LD_RUNPATH_SEARCH_PATHS = (
					"$(inherited)",
					"@executable_path/../Frameworks",
				);
				MACOSX_DEPLOYMENT_TARGET = 15.2;
				MARKETING_VERSION = 1.0;
				PRODUCT_BUNDLE_IDENTIFIER = "org.cminow.Tessellations-macOS";
				PRODUCT_NAME = Tessellations;
				SDKROOT = macosx;
				SWIFT_EMIT_LOC_STRINGS = YES;
				SWIFT_VERSION = 5.0;
			};
			name = Release;
		};
		CB1B762D2DEC99420058D08E /* Debug */ = {
			isa = XCBuildConfiguration;
			buildSettings = {
				BUNDLE_LOADER = "$(TEST_HOST)";
				CODE_SIGN_STYLE = Automatic;
				CURRENT_PROJECT_VERSION = 1;
				DEAD_CODE_STRIPPING = YES;
				GENERATE_INFOPLIST_FILE = YES;
				MACOSX_DEPLOYMENT_TARGET = 15.2;
				MARKETING_VERSION = 1.0;
				PRODUCT_BUNDLE_IDENTIFIER = "org.cminow.Tessellations-macOSTests";
				PRODUCT_NAME = "$(TARGET_NAME)";
				SDKROOT = macosx;
				SWIFT_EMIT_LOC_STRINGS = NO;
				SWIFT_VERSION = 5.0;
				TEST_HOST = "$(BUILT_PRODUCTS_DIR)/Tessellations macOS.app/$(BUNDLE_EXECUTABLE_FOLDER_PATH)/Tessellations macOS";
			};
			name = Debug;
		};
		CB1B762E2DEC99420058D08E /* Release */ = {
			isa = XCBuildConfiguration;
			buildSettings = {
				BUNDLE_LOADER = "$(TEST_HOST)";
				CODE_SIGN_STYLE = Automatic;
				CURRENT_PROJECT_VERSION = 1;
				DEAD_CODE_STRIPPING = YES;
				GENERATE_INFOPLIST_FILE = YES;
				MACOSX_DEPLOYMENT_TARGET = 15.2;
				MARKETING_VERSION = 1.0;
				PRODUCT_BUNDLE_IDENTIFIER = "org.cminow.Tessellations-macOSTests";
				PRODUCT_NAME = "$(TARGET_NAME)";
				SDKROOT = macosx;
				SWIFT_EMIT_LOC_STRINGS = NO;
				SWIFT_VERSION = 5.0;
				TEST_HOST = "$(BUILT_PRODUCTS_DIR)/Tessellations macOS.app/$(BUNDLE_EXECUTABLE_FOLDER_PATH)/Tessellations macOS";
			};
			name = Release;
		};
		CB1B762F2DEC99420058D08E /* Debug */ = {
			isa = XCBuildConfiguration;
			buildSettings = {
				CODE_SIGN_STYLE = Automatic;
				CURRENT_PROJECT_VERSION = 1;
				DEAD_CODE_STRIPPING = YES;
				GENERATE_INFOPLIST_FILE = YES;
				MACOSX_DEPLOYMENT_TARGET = 15.2;
				MARKETING_VERSION = 1.0;
				PRODUCT_BUNDLE_IDENTIFIER = "org.cminow.Tessellations-macOSUITests";
				PRODUCT_NAME = "$(TARGET_NAME)";
				SDKROOT = macosx;
				SWIFT_EMIT_LOC_STRINGS = NO;
				SWIFT_VERSION = 5.0;
				TEST_TARGET_NAME = "Tessellations macOS";
			};
			name = Debug;
		};
		CB1B76302DEC99420058D08E /* Release */ = {
			isa = XCBuildConfiguration;
			buildSettings = {
				CODE_SIGN_STYLE = Automatic;
				CURRENT_PROJECT_VERSION = 1;
				DEAD_CODE_STRIPPING = YES;
				GENERATE_INFOPLIST_FILE = YES;
				MACOSX_DEPLOYMENT_TARGET = 15.2;
				MARKETING_VERSION = 1.0;
				PRODUCT_BUNDLE_IDENTIFIER = "org.cminow.Tessellations-macOSUITests";
				PRODUCT_NAME = "$(TARGET_NAME)";
				SDKROOT = macosx;
				SWIFT_EMIT_LOC_STRINGS = NO;
				SWIFT_VERSION = 5.0;
				TEST_TARGET_NAME = "Tessellations macOS";
			};
			name = Release;
		};
		CB89DE1A2DDF974C006399AE /* Debug */ = {
			isa = XCBuildConfiguration;
			buildSettings = {
				ALWAYS_SEARCH_USER_PATHS = NO;
				ASSETCATALOG_COMPILER_GENERATE_SWIFT_ASSET_SYMBOL_EXTENSIONS = YES;
				CLANG_ANALYZER_NONNULL = YES;
				CLANG_ANALYZER_NUMBER_OBJECT_CONVERSION = YES_AGGRESSIVE;
				CLANG_CXX_LANGUAGE_STANDARD = "gnu++20";
				CLANG_ENABLE_MODULES = YES;
				CLANG_ENABLE_OBJC_ARC = YES;
				CLANG_ENABLE_OBJC_WEAK = YES;
				CLANG_WARN_BLOCK_CAPTURE_AUTORELEASING = YES;
				CLANG_WARN_BOOL_CONVERSION = YES;
				CLANG_WARN_COMMA = YES;
				CLANG_WARN_CONSTANT_CONVERSION = YES;
				CLANG_WARN_DEPRECATED_OBJC_IMPLEMENTATIONS = YES;
				CLANG_WARN_DIRECT_OBJC_ISA_USAGE = YES_ERROR;
				CLANG_WARN_DOCUMENTATION_COMMENTS = YES;
				CLANG_WARN_EMPTY_BODY = YES;
				CLANG_WARN_ENUM_CONVERSION = YES;
				CLANG_WARN_INFINITE_RECURSION = YES;
				CLANG_WARN_INT_CONVERSION = YES;
				CLANG_WARN_NON_LITERAL_NULL_CONVERSION = YES;
				CLANG_WARN_OBJC_IMPLICIT_RETAIN_SELF = YES;
				CLANG_WARN_OBJC_LITERAL_CONVERSION = YES;
				CLANG_WARN_OBJC_ROOT_CLASS = YES_ERROR;
				CLANG_WARN_QUOTED_INCLUDE_IN_FRAMEWORK_HEADER = YES;
				CLANG_WARN_RANGE_LOOP_ANALYSIS = YES;
				CLANG_WARN_STRICT_PROTOTYPES = YES;
				CLANG_WARN_SUSPICIOUS_MOVE = YES;
				CLANG_WARN_UNGUARDED_AVAILABILITY = YES_AGGRESSIVE;
				CLANG_WARN_UNREACHABLE_CODE = YES;
				CLANG_WARN__DUPLICATE_METHOD_MATCH = YES;
				COPY_PHASE_STRIP = NO;
				DEBUG_INFORMATION_FORMAT = dwarf;
				DEVELOPMENT_TEAM = 52LS6H35Y9;
				ENABLE_STRICT_OBJC_MSGSEND = YES;
				ENABLE_TESTABILITY = YES;
				ENABLE_USER_SCRIPT_SANDBOXING = YES;
				GCC_C_LANGUAGE_STANDARD = gnu17;
				GCC_DYNAMIC_NO_PIC = NO;
				GCC_NO_COMMON_BLOCKS = YES;
				GCC_OPTIMIZATION_LEVEL = 0;
				GCC_PREPROCESSOR_DEFINITIONS = (
					"DEBUG=1",
					"$(inherited)",
				);
				GCC_WARN_64_TO_32_BIT_CONVERSION = YES;
				GCC_WARN_ABOUT_RETURN_TYPE = YES_ERROR;
				GCC_WARN_UNDECLARED_SELECTOR = YES;
				GCC_WARN_UNINITIALIZED_AUTOS = YES_AGGRESSIVE;
				GCC_WARN_UNUSED_FUNCTION = YES;
				GCC_WARN_UNUSED_VARIABLE = YES;
				IPHONEOS_DEPLOYMENT_TARGET = 18.2;
				LOCALIZATION_PREFERS_STRING_CATALOGS = YES;
				MTL_ENABLE_DEBUG_INFO = INCLUDE_SOURCE;
				MTL_FAST_MATH = YES;
				ONLY_ACTIVE_ARCH = YES;
				PRODUCT_NAME = Tessellations;
				SDKROOT = iphoneos;
				SWIFT_ACTIVE_COMPILATION_CONDITIONS = "DEBUG $(inherited)";
				SWIFT_OPTIMIZATION_LEVEL = "-Onone";
			};
			name = Debug;
		};
		CB89DE1B2DDF974C006399AE /* Release */ = {
			isa = XCBuildConfiguration;
			buildSettings = {
				ALWAYS_SEARCH_USER_PATHS = NO;
				ASSETCATALOG_COMPILER_GENERATE_SWIFT_ASSET_SYMBOL_EXTENSIONS = YES;
				CLANG_ANALYZER_NONNULL = YES;
				CLANG_ANALYZER_NUMBER_OBJECT_CONVERSION = YES_AGGRESSIVE;
				CLANG_CXX_LANGUAGE_STANDARD = "gnu++20";
				CLANG_ENABLE_MODULES = YES;
				CLANG_ENABLE_OBJC_ARC = YES;
				CLANG_ENABLE_OBJC_WEAK = YES;
				CLANG_WARN_BLOCK_CAPTURE_AUTORELEASING = YES;
				CLANG_WARN_BOOL_CONVERSION = YES;
				CLANG_WARN_COMMA = YES;
				CLANG_WARN_CONSTANT_CONVERSION = YES;
				CLANG_WARN_DEPRECATED_OBJC_IMPLEMENTATIONS = YES;
				CLANG_WARN_DIRECT_OBJC_ISA_USAGE = YES_ERROR;
				CLANG_WARN_DOCUMENTATION_COMMENTS = YES;
				CLANG_WARN_EMPTY_BODY = YES;
				CLANG_WARN_ENUM_CONVERSION = YES;
				CLANG_WARN_INFINITE_RECURSION = YES;
				CLANG_WARN_INT_CONVERSION = YES;
				CLANG_WARN_NON_LITERAL_NULL_CONVERSION = YES;
				CLANG_WARN_OBJC_IMPLICIT_RETAIN_SELF = YES;
				CLANG_WARN_OBJC_LITERAL_CONVERSION = YES;
				CLANG_WARN_OBJC_ROOT_CLASS = YES_ERROR;
				CLANG_WARN_QUOTED_INCLUDE_IN_FRAMEWORK_HEADER = YES;
				CLANG_WARN_RANGE_LOOP_ANALYSIS = YES;
				CLANG_WARN_STRICT_PROTOTYPES = YES;
				CLANG_WARN_SUSPICIOUS_MOVE = YES;
				CLANG_WARN_UNGUARDED_AVAILABILITY = YES_AGGRESSIVE;
				CLANG_WARN_UNREACHABLE_CODE = YES;
				CLANG_WARN__DUPLICATE_METHOD_MATCH = YES;
				COPY_PHASE_STRIP = NO;
				DEBUG_INFORMATION_FORMAT = "dwarf-with-dsym";
				DEVELOPMENT_TEAM = 52LS6H35Y9;
				ENABLE_NS_ASSERTIONS = NO;
				ENABLE_STRICT_OBJC_MSGSEND = YES;
				ENABLE_USER_SCRIPT_SANDBOXING = YES;
				GCC_C_LANGUAGE_STANDARD = gnu17;
				GCC_NO_COMMON_BLOCKS = YES;
				GCC_WARN_64_TO_32_BIT_CONVERSION = YES;
				GCC_WARN_ABOUT_RETURN_TYPE = YES_ERROR;
				GCC_WARN_UNDECLARED_SELECTOR = YES;
				GCC_WARN_UNINITIALIZED_AUTOS = YES_AGGRESSIVE;
				GCC_WARN_UNUSED_FUNCTION = YES;
				GCC_WARN_UNUSED_VARIABLE = YES;
				IPHONEOS_DEPLOYMENT_TARGET = 18.2;
				LOCALIZATION_PREFERS_STRING_CATALOGS = YES;
				MTL_ENABLE_DEBUG_INFO = NO;
				MTL_FAST_MATH = YES;
				PRODUCT_NAME = Tessellations;
				SDKROOT = iphoneos;
				SWIFT_COMPILATION_MODE = wholemodule;
				VALIDATE_PRODUCT = YES;
			};
			name = Release;
		};
		CB89DE1D2DDF974C006399AE /* Debug */ = {
			isa = XCBuildConfiguration;
			buildSettings = {
				ASSETCATALOG_COMPILER_APPICON_NAME = AppIcon;
				ASSETCATALOG_COMPILER_GLOBAL_ACCENT_COLOR_NAME = AccentColor;
				CODE_SIGN_STYLE = Automatic;
				CURRENT_PROJECT_VERSION = 1;
				DEVELOPMENT_ASSET_PATHS = "\"Tesselations/Preview Content\"";
				ENABLE_PREVIEWS = YES;
				GENERATE_INFOPLIST_FILE = YES;
				INFOPLIST_KEY_UIApplicationSceneManifest_Generation = YES;
				INFOPLIST_KEY_UIApplicationSupportsIndirectInputEvents = YES;
				INFOPLIST_KEY_UILaunchScreen_Generation = YES;
				INFOPLIST_KEY_UISupportedInterfaceOrientations_iPad = "UIInterfaceOrientationPortrait UIInterfaceOrientationPortraitUpsideDown UIInterfaceOrientationLandscapeLeft UIInterfaceOrientationLandscapeRight";
				INFOPLIST_KEY_UISupportedInterfaceOrientations_iPhone = "UIInterfaceOrientationPortrait UIInterfaceOrientationLandscapeLeft UIInterfaceOrientationLandscapeRight";
				LD_RUNPATH_SEARCH_PATHS = (
					"$(inherited)",
					"@executable_path/Frameworks",
				);
				MARKETING_VERSION = 1.0;
				PRODUCT_BUNDLE_IDENTIFIER = org.cminow.Tessellations;
				PRODUCT_NAME = "$(TARGET_NAME)";
				SWIFT_EMIT_LOC_STRINGS = YES;
				SWIFT_VERSION = 5.0;
				TARGETED_DEVICE_FAMILY = "1,2";
			};
			name = Debug;
		};
		CB89DE1E2DDF974C006399AE /* Release */ = {
			isa = XCBuildConfiguration;
			buildSettings = {
				ASSETCATALOG_COMPILER_APPICON_NAME = AppIcon;
				ASSETCATALOG_COMPILER_GLOBAL_ACCENT_COLOR_NAME = AccentColor;
				CODE_SIGN_STYLE = Automatic;
				CURRENT_PROJECT_VERSION = 1;
				DEVELOPMENT_ASSET_PATHS = "\"Tesselations/Preview Content\"";
				ENABLE_PREVIEWS = YES;
				GENERATE_INFOPLIST_FILE = YES;
				INFOPLIST_KEY_UIApplicationSceneManifest_Generation = YES;
				INFOPLIST_KEY_UIApplicationSupportsIndirectInputEvents = YES;
				INFOPLIST_KEY_UILaunchScreen_Generation = YES;
				INFOPLIST_KEY_UISupportedInterfaceOrientations_iPad = "UIInterfaceOrientationPortrait UIInterfaceOrientationPortraitUpsideDown UIInterfaceOrientationLandscapeLeft UIInterfaceOrientationLandscapeRight";
				INFOPLIST_KEY_UISupportedInterfaceOrientations_iPhone = "UIInterfaceOrientationPortrait UIInterfaceOrientationLandscapeLeft UIInterfaceOrientationLandscapeRight";
				LD_RUNPATH_SEARCH_PATHS = (
					"$(inherited)",
					"@executable_path/Frameworks",
				);
				MARKETING_VERSION = 1.0;
				PRODUCT_BUNDLE_IDENTIFIER = org.cminow.Tessellations;
				PRODUCT_NAME = "$(TARGET_NAME)";
				SWIFT_EMIT_LOC_STRINGS = YES;
				SWIFT_VERSION = 5.0;
				TARGETED_DEVICE_FAMILY = "1,2";
			};
			name = Release;
		};
		CB89DE202DDF974C006399AE /* Debug */ = {
			isa = XCBuildConfiguration;
			buildSettings = {
				BUNDLE_LOADER = "$(TEST_HOST)";
				CODE_SIGN_STYLE = Automatic;
				CURRENT_PROJECT_VERSION = 1;
				GENERATE_INFOPLIST_FILE = YES;
				IPHONEOS_DEPLOYMENT_TARGET = 18.2;
				MARKETING_VERSION = 1.0;
				PRODUCT_BUNDLE_IDENTIFIER = org.cminow.TesselationsTests;
				PRODUCT_NAME = "$(TARGET_NAME)";
				SWIFT_EMIT_LOC_STRINGS = NO;
				SWIFT_VERSION = 5.0;
				TARGETED_DEVICE_FAMILY = "1,2";
				TEST_HOST = "$(BUILT_PRODUCTS_DIR)/Tesselations.app/$(BUNDLE_EXECUTABLE_FOLDER_PATH)/Tesselations";
			};
			name = Debug;
		};
		CB89DE212DDF974C006399AE /* Release */ = {
			isa = XCBuildConfiguration;
			buildSettings = {
				BUNDLE_LOADER = "$(TEST_HOST)";
				CODE_SIGN_STYLE = Automatic;
				CURRENT_PROJECT_VERSION = 1;
				GENERATE_INFOPLIST_FILE = YES;
				IPHONEOS_DEPLOYMENT_TARGET = 18.2;
				MARKETING_VERSION = 1.0;
				PRODUCT_BUNDLE_IDENTIFIER = org.cminow.TesselationsTests;
				PRODUCT_NAME = "$(TARGET_NAME)";
				SWIFT_EMIT_LOC_STRINGS = NO;
				SWIFT_VERSION = 5.0;
				TARGETED_DEVICE_FAMILY = "1,2";
				TEST_HOST = "$(BUILT_PRODUCTS_DIR)/Tesselations.app/$(BUNDLE_EXECUTABLE_FOLDER_PATH)/Tesselations";
			};
			name = Release;
		};
		CB89DE232DDF974C006399AE /* Debug */ = {
			isa = XCBuildConfiguration;
			buildSettings = {
				CODE_SIGN_STYLE = Automatic;
				CURRENT_PROJECT_VERSION = 1;
				GENERATE_INFOPLIST_FILE = YES;
				MARKETING_VERSION = 1.0;
				PRODUCT_BUNDLE_IDENTIFIER = org.cminow.TesselationsUITests;
				PRODUCT_NAME = "$(TARGET_NAME)";
				SWIFT_EMIT_LOC_STRINGS = NO;
				SWIFT_VERSION = 5.0;
				TARGETED_DEVICE_FAMILY = "1,2";
				TEST_TARGET_NAME = Tesselations;
			};
			name = Debug;
		};
		CB89DE242DDF974C006399AE /* Release */ = {
			isa = XCBuildConfiguration;
			buildSettings = {
				CODE_SIGN_STYLE = Automatic;
				CURRENT_PROJECT_VERSION = 1;
				GENERATE_INFOPLIST_FILE = YES;
				MARKETING_VERSION = 1.0;
				PRODUCT_BUNDLE_IDENTIFIER = org.cminow.TesselationsUITests;
				PRODUCT_NAME = "$(TARGET_NAME)";
				SWIFT_EMIT_LOC_STRINGS = NO;
				SWIFT_VERSION = 5.0;
				TARGETED_DEVICE_FAMILY = "1,2";
				TEST_TARGET_NAME = Tesselations;
			};
			name = Release;
		};
/* End XCBuildConfiguration section */

/* Begin XCConfigurationList section */
		CB1B76312DEC99420058D08E /* Build configuration list for PBXNativeTarget "Tessellations macOS" */ = {
			isa = XCConfigurationList;
			buildConfigurations = (
				CB1B762B2DEC99420058D08E /* Debug */,
				CB1B762C2DEC99420058D08E /* Release */,
			);
			defaultConfigurationIsVisible = 0;
			defaultConfigurationName = Release;
		};
		CB1B76322DEC99420058D08E /* Build configuration list for PBXNativeTarget "Tessellations macOSTests" */ = {
			isa = XCConfigurationList;
			buildConfigurations = (
				CB1B762D2DEC99420058D08E /* Debug */,
				CB1B762E2DEC99420058D08E /* Release */,
			);
			defaultConfigurationIsVisible = 0;
			defaultConfigurationName = Release;
		};
		CB1B76332DEC99420058D08E /* Build configuration list for PBXNativeTarget "Tessellations macOSUITests" */ = {
			isa = XCConfigurationList;
			buildConfigurations = (
				CB1B762F2DEC99420058D08E /* Debug */,
				CB1B76302DEC99420058D08E /* Release */,
			);
			defaultConfigurationIsVisible = 0;
			defaultConfigurationName = Release;
		};
		CB89DDF32DDF974C006399AE /* Build configuration list for PBXProject "Tesselations" */ = {
			isa = XCConfigurationList;
			buildConfigurations = (
				CB89DE1A2DDF974C006399AE /* Debug */,
				CB89DE1B2DDF974C006399AE /* Release */,
			);
			defaultConfigurationIsVisible = 0;
			defaultConfigurationName = Release;
		};
		CB89DE1C2DDF974C006399AE /* Build configuration list for PBXNativeTarget "Tessellations" */ = {
			isa = XCConfigurationList;
			buildConfigurations = (
				CB89DE1D2DDF974C006399AE /* Debug */,
				CB89DE1E2DDF974C006399AE /* Release */,
			);
			defaultConfigurationIsVisible = 0;
			defaultConfigurationName = Release;
		};
		CB89DE1F2DDF974C006399AE /* Build configuration list for PBXNativeTarget "TessellationsTests" */ = {
			isa = XCConfigurationList;
			buildConfigurations = (
				CB89DE202DDF974C006399AE /* Debug */,
				CB89DE212DDF974C006399AE /* Release */,
			);
			defaultConfigurationIsVisible = 0;
			defaultConfigurationName = Release;
		};
		CB89DE222DDF974C006399AE /* Build configuration list for PBXNativeTarget "TessellationsUITests" */ = {
			isa = XCConfigurationList;
			buildConfigurations = (
				CB89DE232DDF974C006399AE /* Debug */,
				CB89DE242DDF974C006399AE /* Release */,
			);
			defaultConfigurationIsVisible = 0;
			defaultConfigurationName = Release;
		};
/* End XCConfigurationList section */
	};
	rootObject = CB89DDF02DDF974C006399AE /* Project object */;
}
